// !$*UTF8*$!
{
	archiveVersion = 1;
	classes = {
	};
	objectVersion = 48;
	objects = {

/* Begin PBXBuildFile section */
		181A36B11FF0EF3F00D80117 /* ExtensionUITextView.swift in Sources */ = {isa = PBXBuildFile; fileRef = 181A36B01FF0EF3F00D80117 /* ExtensionUITextView.swift */; };
		182B106F1FD8F47100A8FCE0 /* DigestCell.swift in Sources */ = {isa = PBXBuildFile; fileRef = 182B106E1FD8F47100A8FCE0 /* DigestCell.swift */; };
		182B10751FD9681600A8FCE0 /* FeedModel.swift in Sources */ = {isa = PBXBuildFile; fileRef = 182B10741FD9681600A8FCE0 /* FeedModel.swift */; };
		182B10771FD969FE00A8FCE0 /* FeedManager.swift in Sources */ = {isa = PBXBuildFile; fileRef = 182B10761FD969FE00A8FCE0 /* FeedManager.swift */; };
		182B97B11FCC0E71002D9A55 /* AppDelegate.swift in Sources */ = {isa = PBXBuildFile; fileRef = 182B97B01FCC0E71002D9A55 /* AppDelegate.swift */; };
		182B97B31FCC0E71002D9A55 /* ContainerViewController.swift in Sources */ = {isa = PBXBuildFile; fileRef = 182B97B21FCC0E71002D9A55 /* ContainerViewController.swift */; };
		182B97B61FCC0E71002D9A55 /* Main.storyboard in Resources */ = {isa = PBXBuildFile; fileRef = 182B97B41FCC0E71002D9A55 /* Main.storyboard */; };
		182B97B81FCC0E71002D9A55 /* Assets.xcassets in Resources */ = {isa = PBXBuildFile; fileRef = 182B97B71FCC0E71002D9A55 /* Assets.xcassets */; };
		182B97C61FCC0E71002D9A55 /* AllInTests.swift in Sources */ = {isa = PBXBuildFile; fileRef = 182B97C51FCC0E71002D9A55 /* AllInTests.swift */; };
		1835A1B51FF90FA500A33A04 /* DigestBTableViewCell.swift in Sources */ = {isa = PBXBuildFile; fileRef = 1835A1B41FF90FA500A33A04 /* DigestBTableViewCell.swift */; };
		1835A1B91FF91D9A00A33A04 /* DigestBViewController.swift in Sources */ = {isa = PBXBuildFile; fileRef = 1835A1B81FF91D9A00A33A04 /* DigestBViewController.swift */; };
		183D0CAD1FD3E3D000069BDB /* MenuViewController.swift in Sources */ = {isa = PBXBuildFile; fileRef = 183D0CAC1FD3E3D000069BDB /* MenuViewController.swift */; };
		1843560F1FF12171001A018F /* SettingAccountViewController.swift in Sources */ = {isa = PBXBuildFile; fileRef = 1843560E1FF12171001A018F /* SettingAccountViewController.swift */; };
		184356111FF121B3001A018F /* SettingViewController.swift in Sources */ = {isa = PBXBuildFile; fileRef = 184356101FF121B3001A018F /* SettingViewController.swift */; };
		184B247D1FF501F200518081 /* HupuHTMLParser.swift in Sources */ = {isa = PBXBuildFile; fileRef = 184B247C1FF501F200518081 /* HupuHTMLParser.swift */; };
		184B247F1FF52DCA00518081 /* GuideViewController.swift in Sources */ = {isa = PBXBuildFile; fileRef = 184B247E1FF52DCA00518081 /* GuideViewController.swift */; };
		1867B5ED1FE007A1007472A0 /* RssItem.swift in Sources */ = {isa = PBXBuildFile; fileRef = 1867B5EC1FE007A1007472A0 /* RssItem.swift */; };
		1867B5EF1FE00A14007472A0 /* RssXMLParser.swift in Sources */ = {isa = PBXBuildFile; fileRef = 1867B5EE1FE00A14007472A0 /* RssXMLParser.swift */; };
		186C1DCD1FF3D68400FC193B /* ExtensionString.swift in Sources */ = {isa = PBXBuildFile; fileRef = 186C1DCC1FF3D68400FC193B /* ExtensionString.swift */; };
		186C1DCF1FF3D6B600FC193B /* ZhihuDailyHTMLParser.swift in Sources */ = {isa = PBXBuildFile; fileRef = 186C1DCE1FF3D6B600FC193B /* ZhihuDailyHTMLParser.swift */; };
		186C1DD11FF3DD5200FC193B /* HupuRssParser.swift in Sources */ = {isa = PBXBuildFile; fileRef = 186C1DD01FF3DD5200FC193B /* HupuRssParser.swift */; };
		18772E891FED3A3D00444E4D /* Fuzi.framework in Frameworks */ = {isa = PBXBuildFile; fileRef = 18772E881FED3A3D00444E4D /* Fuzi.framework */; };
		18772E8A1FED3A3D00444E4D /* Fuzi.framework in Embed Frameworks */ = {isa = PBXBuildFile; fileRef = 18772E881FED3A3D00444E4D /* Fuzi.framework */; settings = {ATTRIBUTES = (CodeSignOnCopy, RemoveHeadersOnCopy, ); }; };
		187C55AD1FEB53AE00AA3468 /* SignInSignUpViewController.swift in Sources */ = {isa = PBXBuildFile; fileRef = 187C55AC1FEB53AE00AA3468 /* SignInSignUpViewController.swift */; };
		187C55AF1FEB543F00AA3468 /* ServerConnection.swift in Sources */ = {isa = PBXBuildFile; fileRef = 187C55AE1FEB543F00AA3468 /* ServerConnection.swift */; };
		187C55B11FEB546E00AA3468 /* User.swift in Sources */ = {isa = PBXBuildFile; fileRef = 187C55B01FEB546E00AA3468 /* User.swift */; };
		1887D3DB1FF63C8B0071D7BE /* SourceTableViewCell.swift in Sources */ = {isa = PBXBuildFile; fileRef = 1887D3DA1FF63C8B0071D7BE /* SourceTableViewCell.swift */; };
		1887D3DF1FF645600071D7BE /* SettingDisplayViewController.swift in Sources */ = {isa = PBXBuildFile; fileRef = 1887D3DE1FF645600071D7BE /* SettingDisplayViewController.swift */; };
		18D787C31FD51D1300E33377 /* DigestViewController.swift in Sources */ = {isa = PBXBuildFile; fileRef = 18D787C21FD51D1300E33377 /* DigestViewController.swift */; };
		18D787C71FD52ED500E33377 /* DigestTableViewCell.swift in Sources */ = {isa = PBXBuildFile; fileRef = 18D787C61FD52ED500E33377 /* DigestTableViewCell.swift */; };
		18E7F0121FEE1F6200D90261 /* HTMLMarkupParser.swift in Sources */ = {isa = PBXBuildFile; fileRef = 18E7F0111FEE1F6200D90261 /* HTMLMarkupParser.swift */; };
		18F57D3E1FD6AD02000D7D91 /* ContentViewController.swift in Sources */ = {isa = PBXBuildFile; fileRef = 18F57D3D1FD6AD02000D7D91 /* ContentViewController.swift */; };
		18F57D401FD6D8B2000D7D91 /* MenuTableViewCell.swift in Sources */ = {isa = PBXBuildFile; fileRef = 18F57D3F1FD6D8B2000D7D91 /* MenuTableViewCell.swift */; };
		18F57D421FD6DCAB000D7D91 /* MenuCell.swift in Sources */ = {isa = PBXBuildFile; fileRef = 18F57D411FD6DCAB000D7D91 /* MenuCell.swift */; };
/* End PBXBuildFile section */

/* Begin PBXContainerItemProxy section */
		182B97C21FCC0E71002D9A55 /* PBXContainerItemProxy */ = {
			isa = PBXContainerItemProxy;
			containerPortal = 182B97A51FCC0E71002D9A55 /* Project object */;
			proxyType = 1;
			remoteGlobalIDString = 182B97AC1FCC0E71002D9A55;
			remoteInfo = AllIn;
		};
/* End PBXContainerItemProxy section */

/* Begin PBXCopyFilesBuildPhase section */
		185596F01FED392D00885C7C /* Embed Frameworks */ = {
			isa = PBXCopyFilesBuildPhase;
			buildActionMask = 2147483647;
			dstPath = "";
			dstSubfolderSpec = 10;
			files = (
				18772E8A1FED3A3D00444E4D /* Fuzi.framework in Embed Frameworks */,
			);
			name = "Embed Frameworks";
			runOnlyForDeploymentPostprocessing = 0;
		};
/* End PBXCopyFilesBuildPhase section */

/* Begin PBXFileReference section */
		181A36B01FF0EF3F00D80117 /* ExtensionUITextView.swift */ = {isa = PBXFileReference; fileEncoding = 4; lastKnownFileType = sourcecode.swift; path = ExtensionUITextView.swift; sourceTree = "<group>"; };
		182B106E1FD8F47100A8FCE0 /* DigestCell.swift */ = {isa = PBXFileReference; lastKnownFileType = sourcecode.swift; path = DigestCell.swift; sourceTree = "<group>"; };
		182B10741FD9681600A8FCE0 /* FeedModel.swift */ = {isa = PBXFileReference; lastKnownFileType = sourcecode.swift; path = FeedModel.swift; sourceTree = "<group>"; };
		182B10761FD969FE00A8FCE0 /* FeedManager.swift */ = {isa = PBXFileReference; lastKnownFileType = sourcecode.swift; path = FeedManager.swift; sourceTree = "<group>"; };
		182B97AD1FCC0E71002D9A55 /* AllIn.app */ = {isa = PBXFileReference; explicitFileType = wrapper.application; includeInIndex = 0; path = AllIn.app; sourceTree = BUILT_PRODUCTS_DIR; };
		182B97B01FCC0E71002D9A55 /* AppDelegate.swift */ = {isa = PBXFileReference; lastKnownFileType = sourcecode.swift; path = AppDelegate.swift; sourceTree = "<group>"; };
		182B97B21FCC0E71002D9A55 /* ContainerViewController.swift */ = {isa = PBXFileReference; lastKnownFileType = sourcecode.swift; path = ContainerViewController.swift; sourceTree = "<group>"; };
		182B97B51FCC0E71002D9A55 /* Base */ = {isa = PBXFileReference; lastKnownFileType = file.storyboard; name = Base; path = Base.lproj/Main.storyboard; sourceTree = "<group>"; };
		182B97B71FCC0E71002D9A55 /* Assets.xcassets */ = {isa = PBXFileReference; lastKnownFileType = folder.assetcatalog; path = Assets.xcassets; sourceTree = "<group>"; };
		182B97BC1FCC0E71002D9A55 /* Info.plist */ = {isa = PBXFileReference; lastKnownFileType = text.plist.xml; path = Info.plist; sourceTree = "<group>"; };
		182B97C11FCC0E71002D9A55 /* AllInTests.xctest */ = {isa = PBXFileReference; explicitFileType = wrapper.cfbundle; includeInIndex = 0; path = AllInTests.xctest; sourceTree = BUILT_PRODUCTS_DIR; };
		182B97C51FCC0E71002D9A55 /* AllInTests.swift */ = {isa = PBXFileReference; lastKnownFileType = sourcecode.swift; path = AllInTests.swift; sourceTree = "<group>"; };
		182B97C71FCC0E71002D9A55 /* Info.plist */ = {isa = PBXFileReference; lastKnownFileType = text.plist.xml; path = Info.plist; sourceTree = "<group>"; };
		1835A1B41FF90FA500A33A04 /* DigestBTableViewCell.swift */ = {isa = PBXFileReference; lastKnownFileType = sourcecode.swift; path = DigestBTableViewCell.swift; sourceTree = "<group>"; };
		1835A1B81FF91D9A00A33A04 /* DigestBViewController.swift */ = {isa = PBXFileReference; lastKnownFileType = sourcecode.swift; path = DigestBViewController.swift; sourceTree = "<group>"; };
		183D0CAC1FD3E3D000069BDB /* MenuViewController.swift */ = {isa = PBXFileReference; lastKnownFileType = sourcecode.swift; path = MenuViewController.swift; sourceTree = "<group>"; };
		1843560E1FF12171001A018F /* SettingAccountViewController.swift */ = {isa = PBXFileReference; lastKnownFileType = sourcecode.swift; path = SettingAccountViewController.swift; sourceTree = "<group>"; };
		184356101FF121B3001A018F /* SettingViewController.swift */ = {isa = PBXFileReference; lastKnownFileType = sourcecode.swift; path = SettingViewController.swift; sourceTree = "<group>"; };
		184B247C1FF501F200518081 /* HupuHTMLParser.swift */ = {isa = PBXFileReference; fileEncoding = 4; lastKnownFileType = sourcecode.swift; path = HupuHTMLParser.swift; sourceTree = "<group>"; };
		184B247E1FF52DCA00518081 /* GuideViewController.swift */ = {isa = PBXFileReference; lastKnownFileType = sourcecode.swift; path = GuideViewController.swift; sourceTree = "<group>"; };
		1867B5EC1FE007A1007472A0 /* RssItem.swift */ = {isa = PBXFileReference; lastKnownFileType = sourcecode.swift; path = RssItem.swift; sourceTree = "<group>"; };
		1867B5EE1FE00A14007472A0 /* RssXMLParser.swift */ = {isa = PBXFileReference; lastKnownFileType = sourcecode.swift; path = RssXMLParser.swift; sourceTree = "<group>"; };
		186C1DCC1FF3D68400FC193B /* ExtensionString.swift */ = {isa = PBXFileReference; lastKnownFileType = sourcecode.swift; path = ExtensionString.swift; sourceTree = "<group>"; };
		186C1DCE1FF3D6B600FC193B /* ZhihuDailyHTMLParser.swift */ = {isa = PBXFileReference; lastKnownFileType = sourcecode.swift; path = ZhihuDailyHTMLParser.swift; sourceTree = "<group>"; };
		186C1DD01FF3DD5200FC193B /* HupuRssParser.swift */ = {isa = PBXFileReference; lastKnownFileType = sourcecode.swift; path = HupuRssParser.swift; sourceTree = "<group>"; };
		18772E881FED3A3D00444E4D /* Fuzi.framework */ = {isa = PBXFileReference; lastKnownFileType = wrapper.framework; path = Fuzi.framework; sourceTree = "<group>"; };
		187C55AC1FEB53AE00AA3468 /* SignInSignUpViewController.swift */ = {isa = PBXFileReference; lastKnownFileType = sourcecode.swift; path = SignInSignUpViewController.swift; sourceTree = "<group>"; };
		187C55AE1FEB543F00AA3468 /* ServerConnection.swift */ = {isa = PBXFileReference; lastKnownFileType = sourcecode.swift; path = ServerConnection.swift; sourceTree = "<group>"; };
		187C55B01FEB546E00AA3468 /* User.swift */ = {isa = PBXFileReference; lastKnownFileType = sourcecode.swift; path = User.swift; sourceTree = "<group>"; };
		1887D3DA1FF63C8B0071D7BE /* SourceTableViewCell.swift */ = {isa = PBXFileReference; lastKnownFileType = sourcecode.swift; path = SourceTableViewCell.swift; sourceTree = "<group>"; };
		1887D3DE1FF645600071D7BE /* SettingDisplayViewController.swift */ = {isa = PBXFileReference; lastKnownFileType = sourcecode.swift; path = SettingDisplayViewController.swift; sourceTree = "<group>"; };
		18D787C21FD51D1300E33377 /* DigestViewController.swift */ = {isa = PBXFileReference; lastKnownFileType = sourcecode.swift; path = DigestViewController.swift; sourceTree = "<group>"; };
		18D787C61FD52ED500E33377 /* DigestTableViewCell.swift */ = {isa = PBXFileReference; lastKnownFileType = sourcecode.swift; path = DigestTableViewCell.swift; sourceTree = "<group>"; };
		18E7F0111FEE1F6200D90261 /* HTMLMarkupParser.swift */ = {isa = PBXFileReference; lastKnownFileType = sourcecode.swift; path = HTMLMarkupParser.swift; sourceTree = "<group>"; };
		18F57D3D1FD6AD02000D7D91 /* ContentViewController.swift */ = {isa = PBXFileReference; lastKnownFileType = sourcecode.swift; path = ContentViewController.swift; sourceTree = "<group>"; };
		18F57D3F1FD6D8B2000D7D91 /* MenuTableViewCell.swift */ = {isa = PBXFileReference; lastKnownFileType = sourcecode.swift; path = MenuTableViewCell.swift; sourceTree = "<group>"; };
		18F57D411FD6DCAB000D7D91 /* MenuCell.swift */ = {isa = PBXFileReference; lastKnownFileType = sourcecode.swift; path = MenuCell.swift; sourceTree = "<group>"; };
/* End PBXFileReference section */

/* Begin PBXFrameworksBuildPhase section */
		182B97AA1FCC0E71002D9A55 /* Frameworks */ = {
			isa = PBXFrameworksBuildPhase;
			buildActionMask = 2147483647;
			files = (
				18772E891FED3A3D00444E4D /* Fuzi.framework in Frameworks */,
			);
			runOnlyForDeploymentPostprocessing = 0;
		};
		182B97BE1FCC0E71002D9A55 /* Frameworks */ = {
			isa = PBXFrameworksBuildPhase;
			buildActionMask = 2147483647;
			files = (
			);
			runOnlyForDeploymentPostprocessing = 0;
		};
/* End PBXFrameworksBuildPhase section */

/* Begin PBXGroup section */
		181A36AD1FF0EEBE00D80117 /* HttpParser */ = {
			isa = PBXGroup;
			children = (
				181A36B01FF0EF3F00D80117 /* ExtensionUITextView.swift */,
				186C1DCC1FF3D68400FC193B /* ExtensionString.swift */,
				18E7F0111FEE1F6200D90261 /* HTMLMarkupParser.swift */,
				186C1DCE1FF3D6B600FC193B /* ZhihuDailyHTMLParser.swift */,
				184B247C1FF501F200518081 /* HupuHTMLParser.swift */,
			);
			path = HttpParser;
			sourceTree = "<group>";
		};
		182B97A41FCC0E71002D9A55 = {
			isa = PBXGroup;
			children = (
				18772E881FED3A3D00444E4D /* Fuzi.framework */,
				182B97AF1FCC0E71002D9A55 /* AllIn */,
				182B97C41FCC0E71002D9A55 /* AllInTests */,
				182B97AE1FCC0E71002D9A55 /* Products */,
				1867B5E51FE00381007472A0 /* Frameworks */,
			);
			sourceTree = "<group>";
		};
		182B97AE1FCC0E71002D9A55 /* Products */ = {
			isa = PBXGroup;
			children = (
				182B97AD1FCC0E71002D9A55 /* AllIn.app */,
				182B97C11FCC0E71002D9A55 /* AllInTests.xctest */,
			);
			name = Products;
			sourceTree = "<group>";
		};
		182B97AF1FCC0E71002D9A55 /* AllIn */ = {
			isa = PBXGroup;
			children = (
				182B97B01FCC0E71002D9A55 /* AppDelegate.swift */,
				182B97B41FCC0E71002D9A55 /* Main.storyboard */,
				184B247E1FF52DCA00518081 /* GuideViewController.swift */,
				182B97B21FCC0E71002D9A55 /* ContainerViewController.swift */,
				1835A1B11FF8CB7200A33A04 /* Content */,
				1867B5E91FE006DA007472A0 /* Digest */,
				181A36AD1FF0EEBE00D80117 /* HttpParser */,
				1867B5EA1FE006F9007472A0 /* Menu */,
				1867B5EB1FE00719007472A0 /* RssFeed */,
				187C55AB1FEB537A00AA3468 /* User&Server */,
				182B97B71FCC0E71002D9A55 /* Assets.xcassets */,
				182B97BC1FCC0E71002D9A55 /* Info.plist */,
			);
			path = AllIn;
			sourceTree = "<group>";
		};
		182B97C41FCC0E71002D9A55 /* AllInTests */ = {
			isa = PBXGroup;
			children = (
				182B97C51FCC0E71002D9A55 /* AllInTests.swift */,
				182B97C71FCC0E71002D9A55 /* Info.plist */,
			);
			path = AllInTests;
			sourceTree = "<group>";
		};
		1835A1B11FF8CB7200A33A04 /* Content */ = {
			isa = PBXGroup;
			children = (
				18F57D3D1FD6AD02000D7D91 /* ContentViewController.swift */,
			);
			path = Content;
			sourceTree = "<group>";
		};
		1867B5E51FE00381007472A0 /* Frameworks */ = {
			isa = PBXGroup;
			children = (
			);
			name = Frameworks;
			sourceTree = "<group>";
		};
		1867B5E91FE006DA007472A0 /* Digest */ = {
			isa = PBXGroup;
			children = (
				18D787C21FD51D1300E33377 /* DigestViewController.swift */,
				18D787C61FD52ED500E33377 /* DigestTableViewCell.swift */,
				1835A1B81FF91D9A00A33A04 /* DigestBViewController.swift */,
				1835A1B41FF90FA500A33A04 /* DigestBTableViewCell.swift */,
				182B106E1FD8F47100A8FCE0 /* DigestCell.swift */,
			);
			path = Digest;
			sourceTree = "<group>";
		};
		1867B5EA1FE006F9007472A0 /* Menu */ = {
			isa = PBXGroup;
			children = (
				183D0CAC1FD3E3D000069BDB /* MenuViewController.swift */,
				18F57D3F1FD6D8B2000D7D91 /* MenuTableViewCell.swift */,
				18F57D411FD6DCAB000D7D91 /* MenuCell.swift */,
				184356101FF121B3001A018F /* SettingViewController.swift */,
				1843560E1FF12171001A018F /* SettingAccountViewController.swift */,
				1887D3DE1FF645600071D7BE /* SettingDisplayViewController.swift */,
				1887D3DA1FF63C8B0071D7BE /* SourceTableViewCell.swift */,
			);
			path = Menu;
			sourceTree = "<group>";
		};
		1867B5EB1FE00719007472A0 /* RssFeed */ = {
			isa = PBXGroup;
			children = (
				182B10761FD969FE00A8FCE0 /* FeedManager.swift */,
				182B10741FD9681600A8FCE0 /* FeedModel.swift */,
				1867B5EC1FE007A1007472A0 /* RssItem.swift */,
				1867B5EE1FE00A14007472A0 /* RssXMLParser.swift */,
				186C1DD01FF3DD5200FC193B /* HupuRssParser.swift */,
			);
			path = RssFeed;
			sourceTree = "<group>";
		};
		187C55AB1FEB537A00AA3468 /* User&Server */ = {
			isa = PBXGroup;
			children = (
				187C55AE1FEB543F00AA3468 /* ServerConnection.swift */,
				187C55AC1FEB53AE00AA3468 /* SignInSignUpViewController.swift */,
				187C55B01FEB546E00AA3468 /* User.swift */,
			);
			path = "User&Server";
			sourceTree = "<group>";
		};
/* End PBXGroup section */

/* Begin PBXNativeTarget section */
		182B97AC1FCC0E71002D9A55 /* AllIn */ = {
			isa = PBXNativeTarget;
			buildConfigurationList = 182B97CA1FCC0E71002D9A55 /* Build configuration list for PBXNativeTarget "AllIn" */;
			buildPhases = (
				182B97A91FCC0E71002D9A55 /* Sources */,
				182B97AA1FCC0E71002D9A55 /* Frameworks */,
				182B97AB1FCC0E71002D9A55 /* Resources */,
				1867B5E81FE0038C007472A0 /* ShellScript */,
				185596F01FED392D00885C7C /* Embed Frameworks */,
			);
			buildRules = (
			);
			dependencies = (
			);
			name = AllIn;
			productName = AllIn;
			productReference = 182B97AD1FCC0E71002D9A55 /* AllIn.app */;
			productType = "com.apple.product-type.application";
		};
		182B97C01FCC0E71002D9A55 /* AllInTests */ = {
			isa = PBXNativeTarget;
			buildConfigurationList = 182B97CD1FCC0E71002D9A55 /* Build configuration list for PBXNativeTarget "AllInTests" */;
			buildPhases = (
				182B97BD1FCC0E71002D9A55 /* Sources */,
				182B97BE1FCC0E71002D9A55 /* Frameworks */,
				182B97BF1FCC0E71002D9A55 /* Resources */,
			);
			buildRules = (
			);
			dependencies = (
				182B97C31FCC0E71002D9A55 /* PBXTargetDependency */,
			);
			name = AllInTests;
			productName = AllInTests;
			productReference = 182B97C11FCC0E71002D9A55 /* AllInTests.xctest */;
			productType = "com.apple.product-type.bundle.unit-test";
		};
/* End PBXNativeTarget section */

/* Begin PBXProject section */
		182B97A51FCC0E71002D9A55 /* Project object */ = {
			isa = PBXProject;
			attributes = {
				LastSwiftUpdateCheck = 0910;
				LastUpgradeCheck = 0910;
				TargetAttributes = {
					182B97AC1FCC0E71002D9A55 = {
						CreatedOnToolsVersion = 9.1;
						ProvisioningStyle = Automatic;
					};
					182B97C01FCC0E71002D9A55 = {
						CreatedOnToolsVersion = 9.1;
						ProvisioningStyle = Automatic;
						TestTargetID = 182B97AC1FCC0E71002D9A55;
					};
				};
			};
			buildConfigurationList = 182B97A81FCC0E71002D9A55 /* Build configuration list for PBXProject "AllIn" */;
			compatibilityVersion = "Xcode 8.0";
			developmentRegion = en;
			hasScannedForEncodings = 0;
			knownRegions = (
				en,
				Base,
			);
			mainGroup = 182B97A41FCC0E71002D9A55;
			productRefGroup = 182B97AE1FCC0E71002D9A55 /* Products */;
			projectDirPath = "";
			projectRoot = "";
			targets = (
				182B97AC1FCC0E71002D9A55 /* AllIn */,
				182B97C01FCC0E71002D9A55 /* AllInTests */,
			);
		};
/* End PBXProject section */

/* Begin PBXResourcesBuildPhase section */
		182B97AB1FCC0E71002D9A55 /* Resources */ = {
			isa = PBXResourcesBuildPhase;
			buildActionMask = 2147483647;
			files = (
				182B97B81FCC0E71002D9A55 /* Assets.xcassets in Resources */,
				182B97B61FCC0E71002D9A55 /* Main.storyboard in Resources */,
			);
			runOnlyForDeploymentPostprocessing = 0;
		};
		182B97BF1FCC0E71002D9A55 /* Resources */ = {
			isa = PBXResourcesBuildPhase;
			buildActionMask = 2147483647;
			files = (
			);
			runOnlyForDeploymentPostprocessing = 0;
		};
/* End PBXResourcesBuildPhase section */

/* Begin PBXShellScriptBuildPhase section */
		1867B5E81FE0038C007472A0 /* ShellScript */ = {
			isa = PBXShellScriptBuildPhase;
			buildActionMask = 2147483647;
			files = (
			);
			inputPaths = (
			);
			outputPaths = (
			);
			runOnlyForDeploymentPostprocessing = 0;
			shellPath = /bin/sh;
			shellScript = "/usr/local/bin/carthage copy-frameworks";
		};
/* End PBXShellScriptBuildPhase section */

/* Begin PBXSourcesBuildPhase section */
		182B97A91FCC0E71002D9A55 /* Sources */ = {
			isa = PBXSourcesBuildPhase;
			buildActionMask = 2147483647;
			files = (
				182B97B31FCC0E71002D9A55 /* ContainerViewController.swift in Sources */,
				182B97B11FCC0E71002D9A55 /* AppDelegate.swift in Sources */,
				18F57D421FD6DCAB000D7D91 /* MenuCell.swift in Sources */,
				18F57D401FD6D8B2000D7D91 /* MenuTableViewCell.swift in Sources */,
				1887D3DF1FF645600071D7BE /* SettingDisplayViewController.swift in Sources */,
				1867B5EF1FE00A14007472A0 /* RssXMLParser.swift in Sources */,
				184356111FF121B3001A018F /* SettingViewController.swift in Sources */,
				183D0CAD1FD3E3D000069BDB /* MenuViewController.swift in Sources */,
				18D787C31FD51D1300E33377 /* DigestViewController.swift in Sources */,
				186C1DCD1FF3D68400FC193B /* ExtensionString.swift in Sources */,
				187C55B11FEB546E00AA3468 /* User.swift in Sources */,
				184B247F1FF52DCA00518081 /* GuideViewController.swift in Sources */,
				1835A1B51FF90FA500A33A04 /* DigestBTableViewCell.swift in Sources */,
				18E7F0121FEE1F6200D90261 /* HTMLMarkupParser.swift in Sources */,
				187C55AF1FEB543F00AA3468 /* ServerConnection.swift in Sources */,
				182B106F1FD8F47100A8FCE0 /* DigestCell.swift in Sources */,
				182B10751FD9681600A8FCE0 /* FeedModel.swift in Sources */,
				18F57D3E1FD6AD02000D7D91 /* ContentViewController.swift in Sources */,
				187C55AD1FEB53AE00AA3468 /* SignInSignUpViewController.swift in Sources */,
				186C1DCF1FF3D6B600FC193B /* ZhihuDailyHTMLParser.swift in Sources */,
				184B247D1FF501F200518081 /* HupuHTMLParser.swift in Sources */,
				182B10771FD969FE00A8FCE0 /* FeedManager.swift in Sources */,
				18D787C71FD52ED500E33377 /* DigestTableViewCell.swift in Sources */,
				1835A1B91FF91D9A00A33A04 /* DigestBViewController.swift in Sources */,
				181A36B11FF0EF3F00D80117 /* ExtensionUITextView.swift in Sources */,
				186C1DD11FF3DD5200FC193B /* HupuRssParser.swift in Sources */,
				1867B5ED1FE007A1007472A0 /* RssItem.swift in Sources */,
				1843560F1FF12171001A018F /* SettingAccountViewController.swift in Sources */,
				1887D3DB1FF63C8B0071D7BE /* SourceTableViewCell.swift in Sources */,
			);
			runOnlyForDeploymentPostprocessing = 0;
		};
		182B97BD1FCC0E71002D9A55 /* Sources */ = {
			isa = PBXSourcesBuildPhase;
			buildActionMask = 2147483647;
			files = (
				182B97C61FCC0E71002D9A55 /* AllInTests.swift in Sources */,
			);
			runOnlyForDeploymentPostprocessing = 0;
		};
/* End PBXSourcesBuildPhase section */

/* Begin PBXTargetDependency section */
		182B97C31FCC0E71002D9A55 /* PBXTargetDependency */ = {
			isa = PBXTargetDependency;
			target = 182B97AC1FCC0E71002D9A55 /* AllIn */;
			targetProxy = 182B97C21FCC0E71002D9A55 /* PBXContainerItemProxy */;
		};
/* End PBXTargetDependency section */

/* Begin PBXVariantGroup section */
		182B97B41FCC0E71002D9A55 /* Main.storyboard */ = {
			isa = PBXVariantGroup;
			children = (
				182B97B51FCC0E71002D9A55 /* Base */,
			);
			name = Main.storyboard;
			sourceTree = "<group>";
		};
/* End PBXVariantGroup section */

/* Begin XCBuildConfiguration section */
		182B97C81FCC0E71002D9A55 /* Debug */ = {
			isa = XCBuildConfiguration;
			buildSettings = {
				ALWAYS_SEARCH_USER_PATHS = NO;
				CLANG_ANALYZER_NONNULL = YES;
				CLANG_ANALYZER_NUMBER_OBJECT_CONVERSION = YES_AGGRESSIVE;
				CLANG_CXX_LANGUAGE_STANDARD = "gnu++14";
				CLANG_CXX_LIBRARY = "libc++";
				CLANG_ENABLE_MODULES = YES;
				CLANG_ENABLE_OBJC_ARC = YES;
				CLANG_WARN_BLOCK_CAPTURE_AUTORELEASING = YES;
				CLANG_WARN_BOOL_CONVERSION = YES;
				CLANG_WARN_COMMA = YES;
				CLANG_WARN_CONSTANT_CONVERSION = YES;
				CLANG_WARN_DIRECT_OBJC_ISA_USAGE = YES_ERROR;
				CLANG_WARN_DOCUMENTATION_COMMENTS = YES;
				CLANG_WARN_EMPTY_BODY = YES;
				CLANG_WARN_ENUM_CONVERSION = YES;
				CLANG_WARN_INFINITE_RECURSION = YES;
				CLANG_WARN_INT_CONVERSION = YES;
				CLANG_WARN_NON_LITERAL_NULL_CONVERSION = YES;
				CLANG_WARN_OBJC_LITERAL_CONVERSION = YES;
				CLANG_WARN_OBJC_ROOT_CLASS = YES_ERROR;
				CLANG_WARN_RANGE_LOOP_ANALYSIS = YES;
				CLANG_WARN_STRICT_PROTOTYPES = YES;
				CLANG_WARN_SUSPICIOUS_MOVE = YES;
				CLANG_WARN_UNGUARDED_AVAILABILITY = YES_AGGRESSIVE;
				CLANG_WARN_UNREACHABLE_CODE = YES;
				CLANG_WARN__DUPLICATE_METHOD_MATCH = YES;
				CODE_SIGN_IDENTITY = "iPhone Developer";
				COPY_PHASE_STRIP = NO;
				DEBUG_INFORMATION_FORMAT = dwarf;
				ENABLE_STRICT_OBJC_MSGSEND = YES;
				ENABLE_TESTABILITY = YES;
				GCC_C_LANGUAGE_STANDARD = gnu11;
				GCC_DYNAMIC_NO_PIC = NO;
				GCC_NO_COMMON_BLOCKS = YES;
				GCC_OPTIMIZATION_LEVEL = 0;
				GCC_PREPROCESSOR_DEFINITIONS = (
					"DEBUG=1",
					"$(inherited)",
				);
				GCC_WARN_64_TO_32_BIT_CONVERSION = YES;
				GCC_WARN_ABOUT_RETURN_TYPE = YES_ERROR;
				GCC_WARN_UNDECLARED_SELECTOR = YES;
				GCC_WARN_UNINITIALIZED_AUTOS = YES_AGGRESSIVE;
				GCC_WARN_UNUSED_FUNCTION = YES;
				GCC_WARN_UNUSED_VARIABLE = YES;
				IPHONEOS_DEPLOYMENT_TARGET = 11.1;
				MTL_ENABLE_DEBUG_INFO = YES;
				ONLY_ACTIVE_ARCH = YES;
				SDKROOT = iphoneos;
				SWIFT_ACTIVE_COMPILATION_CONDITIONS = DEBUG;
				SWIFT_OPTIMIZATION_LEVEL = "-Onone";
			};
			name = Debug;
		};
		182B97C91FCC0E71002D9A55 /* Release */ = {
			isa = XCBuildConfiguration;
			buildSettings = {
				ALWAYS_SEARCH_USER_PATHS = NO;
				CLANG_ANALYZER_NONNULL = YES;
				CLANG_ANALYZER_NUMBER_OBJECT_CONVERSION = YES_AGGRESSIVE;
				CLANG_CXX_LANGUAGE_STANDARD = "gnu++14";
				CLANG_CXX_LIBRARY = "libc++";
				CLANG_ENABLE_MODULES = YES;
				CLANG_ENABLE_OBJC_ARC = YES;
				CLANG_WARN_BLOCK_CAPTURE_AUTORELEASING = YES;
				CLANG_WARN_BOOL_CONVERSION = YES;
				CLANG_WARN_COMMA = YES;
				CLANG_WARN_CONSTANT_CONVERSION = YES;
				CLANG_WARN_DIRECT_OBJC_ISA_USAGE = YES_ERROR;
				CLANG_WARN_DOCUMENTATION_COMMENTS = YES;
				CLANG_WARN_EMPTY_BODY = YES;
				CLANG_WARN_ENUM_CONVERSION = YES;
				CLANG_WARN_INFINITE_RECURSION = YES;
				CLANG_WARN_INT_CONVERSION = YES;
				CLANG_WARN_NON_LITERAL_NULL_CONVERSION = YES;
				CLANG_WARN_OBJC_LITERAL_CONVERSION = YES;
				CLANG_WARN_OBJC_ROOT_CLASS = YES_ERROR;
				CLANG_WARN_RANGE_LOOP_ANALYSIS = YES;
				CLANG_WARN_STRICT_PROTOTYPES = YES;
				CLANG_WARN_SUSPICIOUS_MOVE = YES;
				CLANG_WARN_UNGUARDED_AVAILABILITY = YES_AGGRESSIVE;
				CLANG_WARN_UNREACHABLE_CODE = YES;
				CLANG_WARN__DUPLICATE_METHOD_MATCH = YES;
				CODE_SIGN_IDENTITY = "iPhone Developer";
				COPY_PHASE_STRIP = NO;
				DEBUG_INFORMATION_FORMAT = "dwarf-with-dsym";
				ENABLE_NS_ASSERTIONS = NO;
				ENABLE_STRICT_OBJC_MSGSEND = YES;
				GCC_C_LANGUAGE_STANDARD = gnu11;
				GCC_NO_COMMON_BLOCKS = YES;
				GCC_WARN_64_TO_32_BIT_CONVERSION = YES;
				GCC_WARN_ABOUT_RETURN_TYPE = YES_ERROR;
				GCC_WARN_UNDECLARED_SELECTOR = YES;
				GCC_WARN_UNINITIALIZED_AUTOS = YES_AGGRESSIVE;
				GCC_WARN_UNUSED_FUNCTION = YES;
				GCC_WARN_UNUSED_VARIABLE = YES;
				IPHONEOS_DEPLOYMENT_TARGET = 11.1;
				MTL_ENABLE_DEBUG_INFO = NO;
				SDKROOT = iphoneos;
				SWIFT_OPTIMIZATION_LEVEL = "-Owholemodule";
				VALIDATE_PRODUCT = YES;
			};
			name = Release;
		};
		182B97CB1FCC0E71002D9A55 /* Debug */ = {
			isa = XCBuildConfiguration;
			buildSettings = {
				ASSETCATALOG_COMPILER_APPICON_NAME = AppIcon;
				ASSETCATALOG_COMPILER_LAUNCHIMAGE_NAME = LaunchImage;
				CODE_SIGN_STYLE = Automatic;
				DEVELOPMENT_TEAM = ALWNDMAU64;
				FRAMEWORK_SEARCH_PATHS = (
					"$(inherited)",
					"$(PROJECT_DIR)/Carthage/Build/iOS",
					"$(PROJECT_DIR)",
				);
				"HEADER_SEARCH_PATHS[arch=*]" = "$(SDKROOT)/usr/include/libxml2";
				INFOPLIST_FILE = AllIn/Info.plist;
				LD_RUNPATH_SEARCH_PATHS = "$(inherited) @executable_path/Frameworks";
				PRODUCT_BUNDLE_IDENTIFIER = cn.edu.nju.AllIn;
				PRODUCT_NAME = "$(TARGET_NAME)";
				SWIFT_VERSION = 4.0;
				TARGETED_DEVICE_FAMILY = "1,2";
			};
			name = Debug;
		};
		182B97CC1FCC0E71002D9A55 /* Release */ = {
			isa = XCBuildConfiguration;
			buildSettings = {
				ASSETCATALOG_COMPILER_APPICON_NAME = AppIcon;
				ASSETCATALOG_COMPILER_LAUNCHIMAGE_NAME = LaunchImage;
				CODE_SIGN_STYLE = Automatic;
				DEVELOPMENT_TEAM = ALWNDMAU64;
				FRAMEWORK_SEARCH_PATHS = (
					"$(inherited)",
					"$(PROJECT_DIR)/Carthage/Build/iOS",
					"$(PROJECT_DIR)",
				);
				"HEADER_SEARCH_PATHS[arch=*]" = "$(SDKROOT)/usr/include/libxml2";
				INFOPLIST_FILE = AllIn/Info.plist;
				LD_RUNPATH_SEARCH_PATHS = "$(inherited) @executable_path/Frameworks";
				PRODUCT_BUNDLE_IDENTIFIER = cn.edu.nju.AllIn;
				PRODUCT_NAME = "$(TARGET_NAME)";
				SWIFT_VERSION = 4.0;
				TARGETED_DEVICE_FAMILY = "1,2";
			};
			name = Release;
		};
		182B97CE1FCC0E71002D9A55 /* Debug */ = {
			isa = XCBuildConfiguration;
			buildSettings = {
				ALWAYS_EMBED_SWIFT_STANDARD_LIBRARIES = YES;
				BUNDLE_LOADER = "$(TEST_HOST)";
				CODE_SIGN_STYLE = Automatic;
				INFOPLIST_FILE = AllInTests/Info.plist;
				LD_RUNPATH_SEARCH_PATHS = "$(inherited) @executable_path/Frameworks @loader_path/Frameworks";
				PRODUCT_BUNDLE_IDENTIFIER = cn.edu.nju.AllInTests;
				PRODUCT_NAME = "$(TARGET_NAME)";
				SWIFT_VERSION = 4.0;
				TARGETED_DEVICE_FAMILY = "1,2";
				TEST_HOST = "$(BUILT_PRODUCTS_DIR)/AllIn.app/AllIn";
			};
			name = Debug;
		};
		182B97CF1FCC0E71002D9A55 /* Release */ = {
			isa = XCBuildConfiguration;
			buildSettings = {
				ALWAYS_EMBED_SWIFT_STANDARD_LIBRARIES = YES;
				BUNDLE_LOADER = "$(TEST_HOST)";
				CODE_SIGN_STYLE = Automatic;
				INFOPLIST_FILE = AllInTests/Info.plist;
				LD_RUNPATH_SEARCH_PATHS = "$(inherited) @executable_path/Frameworks @loader_path/Frameworks";
				PRODUCT_BUNDLE_IDENTIFIER = cn.edu.nju.AllInTests;
				PRODUCT_NAME = "$(TARGET_NAME)";
				SWIFT_VERSION = 4.0;
				TARGETED_DEVICE_FAMILY = "1,2";
				TEST_HOST = "$(BUILT_PRODUCTS_DIR)/AllIn.app/AllIn";
			};
			name = Release;
		};
/* End XCBuildConfiguration section */

/* Begin XCConfigurationList section */
		182B97A81FCC0E71002D9A55 /* Build configuration list for PBXProject "AllIn" */ = {
			isa = XCConfigurationList;
			buildConfigurations = (
				182B97C81FCC0E71002D9A55 /* Debug */,
				182B97C91FCC0E71002D9A55 /* Release */,
			);
			defaultConfigurationIsVisible = 0;
			defaultConfigurationName = Release;
		};
		182B97CA1FCC0E71002D9A55 /* Build configuration list for PBXNativeTarget "AllIn" */ = {
			isa = XCConfigurationList;
			buildConfigurations = (
				182B97CB1FCC0E71002D9A55 /* Debug */,
				182B97CC1FCC0E71002D9A55 /* Release */,
			);
			defaultConfigurationIsVisible = 0;
			defaultConfigurationName = Release;
		};
		182B97CD1FCC0E71002D9A55 /* Build configuration list for PBXNativeTarget "AllInTests" */ = {
			isa = XCConfigurationList;
			buildConfigurations = (
				182B97CE1FCC0E71002D9A55 /* Debug */,
				182B97CF1FCC0E71002D9A55 /* Release */,
			);
			defaultConfigurationIsVisible = 0;
			defaultConfigurationName = Release;
		};
/* End XCConfigurationList section */
	};
	rootObject = 182B97A51FCC0E71002D9A55 /* Project object */;
}
